
Microsoft Visual Studio Solution File, Format Version 12.00
# Visual Studio Version 16
VisualStudioVersion = 16.0.29503.13
MinimumVisualStudioVersion = 10.0.40219.1
Project("{9A19103F-16F7-4668-BE54-9A1E7A4F7556}") = "Test _Backery", "Test _Backery\Test _Backery.csproj", "{7D82EE48-4805-4F7B-ADAD-BA13B3479D4D}"
EndProject
Project("{FAE04EC0-301F-11D3-BF4B-00C04F79EFBC}") = "Bakery_Tests", "Bakery_Tests\Bakery_Tests.csproj", "{BAD5F7D8-0D16-4AC4-B569-1A03AF8890BE}"
EndProject
Global
	GlobalSection(SolutionConfigurationPlatforms) = preSolution
		Debug|Any CPU = Debug|Any CPU
		Release|Any CPU = Release|Any CPU
	EndGlobalSection
	GlobalSection(ProjectConfigurationPlatforms) = postSolution
		{7D82EE48-4805-4F7B-ADAD-BA13B3479D4D}.Debug|Any CPU.ActiveCfg = Debug|Any CPU
		{7D82EE48-4805-4F7B-ADAD-BA13B3479D4D}.Debug|Any CPU.Build.0 = Debug|Any CPU
		{7D82EE48-4805-4F7B-ADAD-BA13B3479D4D}.Release|Any CPU.ActiveCfg = Release|Any CPU
		{7D82EE48-4805-4F7B-ADAD-BA13B3479D4D}.Release|Any CPU.Build.0 = Release|Any CPU
		{BAD5F7D8-0D16-4AC4-B569-1A03AF8890BE}.Debug|Any CPU.ActiveCfg = Debug|Any CPU
		{BAD5F7D8-0D16-4AC4-B569-1A03AF8890BE}.Debug|Any CPU.Build.0 = Debug|Any CPU
		{BAD5F7D8-0D16-4AC4-B569-1A03AF8890BE}.Release|Any CPU.ActiveCfg = Release|Any CPU
		{BAD5F7D8-0D16-4AC4-B569-1A03AF8890BE}.Release|Any CPU.Build.0 = Release|Any CPU
	EndGlobalSection
	GlobalSection(SolutionProperties) = preSolution
		HideSolutionNode = FALSE
	EndGlobalSection
	GlobalSection(ExtensibilityGlobals) = postSolution
		SolutionGuid = {FCAF3855-36A4-4027-AB4C-3E6CDE69D98E}
	EndGlobalSection
EndGlobal
